
Microsoft Visual Studio Solution File, Format Version 12.00
# Visual Studio 15
VisualStudioVersion = 15.0.27004.2005
MinimumVisualStudioVersion = 10.0.40219.1
Project("{FAE04EC0-301F-11D3-BF4B-00C04F79EFBC}") = "CoolViewSample.Android", "CoolViewSample\CoolViewSample.Android\CoolViewSample.Android.csproj", "{DA1B17AD-0383-44DC-BF0C-9ED42A871B73}"
EndProject
Project("{FAE04EC0-301F-11D3-BF4B-00C04F79EFBC}") = "CoolViewSample", "CoolViewSample\CoolViewSample\CoolViewSample.csproj", "{078018E4-BAFD-4EF8-8CB9-036F4188E712}"
EndProject
Project("{FAE04EC0-301F-11D3-BF4B-00C04F79EFBC}") = "CoolViewSample.iOS", "CoolViewSample\CoolViewSample.iOS\CoolViewSample.iOS.csproj", "{DDABD638-8E65-4EFC-9474-168646755D81}"
EndProject
Global
	GlobalSection(SolutionConfigurationPlatforms) = preSolution
		Ad-Hoc|Any CPU = Ad-Hoc|Any CPU
		Ad-Hoc|iPhone = Ad-Hoc|iPhone
		Ad-Hoc|iPhoneSimulator = Ad-Hoc|iPhoneSimulator
		AppStore|Any CPU = AppStore|Any CPU
		AppStore|iPhone = AppStore|iPhone
		AppStore|iPhoneSimulator = AppStore|iPhoneSimulator
		Debug|Any CPU = Debug|Any CPU
		Debug|iPhone = Debug|iPhone
		Debug|iPhoneSimulator = Debug|iPhoneSimulator
		Release|Any CPU = Release|Any CPU
		Release|iPhone = Release|iPhone
		Release|iPhoneSimulator = Release|iPhoneSimulator
	EndGlobalSection
	GlobalSection(ProjectConfigurationPlatforms) = postSolution
		{DA1B17AD-0383-44DC-BF0C-9ED42A871B73}.Ad-Hoc|Any CPU.ActiveCfg = Release|Any CPU
		{DA1B17AD-0383-44DC-BF0C-9ED42A871B73}.Ad-Hoc|Any CPU.Build.0 = Release|Any CPU
		{DA1B17AD-0383-44DC-BF0C-9ED42A871B73}.Ad-Hoc|Any CPU.Deploy.0 = Release|Any CPU
		{DA1B17AD-0383-44DC-BF0C-9ED42A871B73}.Ad-Hoc|iPhone.ActiveCfg = Release|Any CPU
		{DA1B17AD-0383-44DC-BF0C-9ED42A871B73}.Ad-Hoc|iPhone.Build.0 = Release|Any CPU
		{DA1B17AD-0383-44DC-BF0C-9ED42A871B73}.Ad-Hoc|iPhone.Deploy.0 = Release|Any CPU
		{DA1B17AD-0383-44DC-BF0C-9ED42A871B73}.Ad-Hoc|iPhoneSimulator.ActiveCfg = Release|Any CPU
		{DA1B17AD-0383-44DC-BF0C-9ED42A871B73}.Ad-Hoc|iPhoneSimulator.Build.0 = Release|Any CPU
		{DA1B17AD-0383-44DC-BF0C-9ED42A871B73}.Ad-Hoc|iPhoneSimulator.Deploy.0 = Release|Any CPU
		{DA1B17AD-0383-44DC-BF0C-9ED42A871B73}.AppStore|Any CPU.ActiveCfg = Release|Any CPU
		{DA1B17AD-0383-44DC-BF0C-9ED42A871B73}.AppStore|Any CPU.Build.0 = Release|Any CPU
		{DA1B17AD-0383-44DC-BF0C-9ED42A871B73}.AppStore|Any CPU.Deploy.0 = Release|Any CPU
		{DA1B17AD-0383-44DC-BF0C-9ED42A871B73}.AppStore|iPhone.ActiveCfg = Release|Any CPU
		{DA1B17AD-0383-44DC-BF0C-9ED42A871B73}.AppStore|iPhone.Build.0 = Release|Any CPU
		{DA1B17AD-0383-44DC-BF0C-9ED42A871B73}.AppStore|iPhone.Deploy.0 = Release|Any CPU
		{DA1B17AD-0383-44DC-BF0C-9ED42A871B73}.AppStore|iPhoneSimulator.ActiveCfg = Release|Any CPU
		{DA1B17AD-0383-44DC-BF0C-9ED42A871B73}.AppStore|iPhoneSimulator.Build.0 = Release|Any CPU
		{DA1B17AD-0383-44DC-BF0C-9ED42A871B73}.AppStore|iPhoneSimulator.Deploy.0 = Release|Any CPU
		{DA1B17AD-0383-44DC-BF0C-9ED42A871B73}.Debug|Any CPU.ActiveCfg = Debug|Any CPU
		{DA1B17AD-0383-44DC-BF0C-9ED42A871B73}.Debug|Any CPU.Build.0 = Debug|Any CPU
		{DA1B17AD-0383-44DC-BF0C-9ED42A871B73}.Debug|Any CPU.Deploy.0 = Debug|Any CPU
		{DA1B17AD-0383-44DC-BF0C-9ED42A871B73}.Debug|iPhone.ActiveCfg = Debug|Any CPU
		{DA1B17AD-0383-44DC-BF0C-9ED42A871B73}.Debug|iPhone.Build.0 = Debug|Any CPU
		{DA1B17AD-0383-44DC-BF0C-9ED42A871B73}.Debug|iPhone.Deploy.0 = Debug|Any CPU
		{DA1B17AD-0383-44DC-BF0C-9ED42A871B73}.Debug|iPhoneSimulator.ActiveCfg = Debug|Any CPU
		{DA1B17AD-0383-44DC-BF0C-9ED42A871B73}.Debug|iPhoneSimulator.Build.0 = Debug|Any CPU
		{DA1B17AD-0383-44DC-BF0C-9ED42A871B73}.Debug|iPhoneSimulator.Deploy.0 = Debug|Any CPU
		{DA1B17AD-0383-44DC-BF0C-9ED42A871B73}.Release|Any CPU.ActiveCfg = Release|Any CPU
		{DA1B17AD-0383-44DC-BF0C-9ED42A871B73}.Release|Any CPU.Build.0 = Release|Any CPU
		{DA1B17AD-0383-44DC-BF0C-9ED42A871B73}.Release|Any CPU.Deploy.0 = Release|Any CPU
		{DA1B17AD-0383-44DC-BF0C-9ED42A871B73}.Release|iPhone.ActiveCfg = Release|Any CPU
		{DA1B17AD-0383-44DC-BF0C-9ED42A871B73}.Release|iPhone.Build.0 = Release|Any CPU
		{DA1B17AD-0383-44DC-BF0C-9ED42A871B73}.Release|iPhone.Deploy.0 = Release|Any CPU
		{DA1B17AD-0383-44DC-BF0C-9ED42A871B73}.Release|iPhoneSimulator.ActiveCfg = Release|Any CPU
		{DA1B17AD-0383-44DC-BF0C-9ED42A871B73}.Release|iPhoneSimulator.Build.0 = Release|Any CPU
		{DA1B17AD-0383-44DC-BF0C-9ED42A871B73}.Release|iPhoneSimulator.Deploy.0 = Release|Any CPU
		{078018E4-BAFD-4EF8-8CB9-036F4188E712}.Ad-Hoc|Any CPU.ActiveCfg = Release|Any CPU
		{078018E4-BAFD-4EF8-8CB9-036F4188E712}.Ad-Hoc|Any CPU.Build.0 = Release|Any CPU
		{078018E4-BAFD-4EF8-8CB9-036F4188E712}.Ad-Hoc|iPhone.ActiveCfg = Release|Any CPU
		{078018E4-BAFD-4EF8-8CB9-036F4188E712}.Ad-Hoc|iPhone.Build.0 = Release|Any CPU
		{078018E4-BAFD-4EF8-8CB9-036F4188E712}.Ad-Hoc|iPhoneSimulator.ActiveCfg = Release|Any CPU
		{078018E4-BAFD-4EF8-8CB9-036F4188E712}.Ad-Hoc|iPhoneSimulator.Build.0 = Release|Any CPU
		{078018E4-BAFD-4EF8-8CB9-036F4188E712}.AppStore|Any CPU.ActiveCfg = Release|Any CPU
		{078018E4-BAFD-4EF8-8CB9-036F4188E712}.AppStore|Any CPU.Build.0 = Release|Any CPU
		{078018E4-BAFD-4EF8-8CB9-036F4188E712}.AppStore|iPhone.ActiveCfg = Release|Any CPU
		{078018E4-BAFD-4EF8-8CB9-036F4188E712}.AppStore|iPhone.Build.0 = Release|Any CPU
		{078018E4-BAFD-4EF8-8CB9-036F4188E712}.AppStore|iPhoneSimulator.ActiveCfg = Release|Any CPU
		{078018E4-BAFD-4EF8-8CB9-036F4188E712}.AppStore|iPhoneSimulator.Build.0 = Release|Any CPU
		{078018E4-BAFD-4EF8-8CB9-036F4188E712}.Debug|Any CPU.ActiveCfg = Debug|Any CPU
		{078018E4-BAFD-4EF8-8CB9-036F4188E712}.Debug|Any CPU.Build.0 = Debug|Any CPU
		{078018E4-BAFD-4EF8-8CB9-036F4188E712}.Debug|iPhone.ActiveCfg = Debug|Any CPU
		{078018E4-BAFD-4EF8-8CB9-036F4188E712}.Debug|iPhone.Build.0 = Debug|Any CPU
		{078018E4-BAFD-4EF8-8CB9-036F4188E712}.Debug|iPhoneSimulator.ActiveCfg = Debug|Any CPU
		{078018E4-BAFD-4EF8-8CB9-036F4188E712}.Debug|iPhoneSimulator.Build.0 = Debug|Any CPU
		{078018E4-BAFD-4EF8-8CB9-036F4188E712}.Release|Any CPU.ActiveCfg = Release|Any CPU
		{078018E4-BAFD-4EF8-8CB9-036F4188E712}.Release|Any CPU.Build.0 = Release|Any CPU
		{078018E4-BAFD-4EF8-8CB9-036F4188E712}.Release|iPhone.ActiveCfg = Release|Any CPU
		{078018E4-BAFD-4EF8-8CB9-036F4188E712}.Release|iPhone.Build.0 = Release|Any CPU
		{078018E4-BAFD-4EF8-8CB9-036F4188E712}.Release|iPhoneSimulator.ActiveCfg = Release|Any CPU
		{078018E4-BAFD-4EF8-8CB9-036F4188E712}.Release|iPhoneSimulator.Build.0 = Release|Any CPU
		{DDABD638-8E65-4EFC-9474-168646755D81}.Ad-Hoc|Any CPU.ActiveCfg = Ad-Hoc|iPhoneSimulator
		{DDABD638-8E65-4EFC-9474-168646755D81}.Ad-Hoc|iPhone.ActiveCfg = Ad-Hoc|iPhone
		{DDABD638-8E65-4EFC-9474-168646755D81}.Ad-Hoc|iPhone.Build.0 = Ad-Hoc|iPhone
		{DDABD638-8E65-4EFC-9474-168646755D81}.Ad-Hoc|iPhoneSimulator.ActiveCfg = Ad-Hoc|iPhoneSimulator
		{DDABD638-8E65-4EFC-9474-168646755D81}.Ad-Hoc|iPhoneSimulator.Build.0 = Ad-Hoc|iPhoneSimulator
		{DDABD638-8E65-4EFC-9474-168646755D81}.AppStore|Any CPU.ActiveCfg = AppStore|iPhoneSimulator
		{DDABD638-8E65-4EFC-9474-168646755D81}.AppStore|iPhone.ActiveCfg = AppStore|iPhone
		{DDABD638-8E65-4EFC-9474-168646755D81}.AppStore|iPhone.Build.0 = AppStore|iPhone
		{DDABD638-8E65-4EFC-9474-168646755D81}.AppStore|iPhoneSimulator.ActiveCfg = AppStore|iPhoneSimulator
		{DDABD638-8E65-4EFC-9474-168646755D81}.AppStore|iPhoneSimulator.Build.0 = AppStore|iPhoneSimulator
		{DDABD638-8E65-4EFC-9474-168646755D81}.Debug|Any CPU.ActiveCfg = Debug|iPhoneSimulator
		{DDABD638-8E65-4EFC-9474-168646755D81}.Debug|iPhone.ActiveCfg = Debug|iPhone
		{DDABD638-8E65-4EFC-9474-168646755D81}.Debug|iPhone.Build.0 = Debug|iPhone
		{DDABD638-8E65-4EFC-9474-168646755D81}.Debug|iPhoneSimulator.ActiveCfg = Debug|iPhoneSimulator
		{DDABD638-8E65-4EFC-9474-168646755D81}.Debug|iPhoneSimulator.Build.0 = Debug|iPhoneSimulator
		{DDABD638-8E65-4EFC-9474-168646755D81}.Release|Any CPU.ActiveCfg = Release|iPhoneSimulator
		{DDABD638-8E65-4EFC-9474-168646755D81}.Release|iPhone.ActiveCfg = Release|iPhone
		{DDABD638-8E65-4EFC-9474-168646755D81}.Release|iPhone.Build.0 = Release|iPhone
		{DDABD638-8E65-4EFC-9474-168646755D81}.Release|iPhoneSimulator.ActiveCfg = Release|iPhoneSimulator
		{DDABD638-8E65-4EFC-9474-168646755D81}.Release|iPhoneSimulator.Build.0 = Release|iPhoneSimulator
	EndGlobalSection
	GlobalSection(SolutionProperties) = preSolution
		HideSolutionNode = FALSE
	EndGlobalSection
	GlobalSection(ExtensibilityGlobals) = postSolution
		SolutionGuid = {4C1FACA8-6056-4A76-A653-471291A9238E}
	EndGlobalSection
EndGlobal
